
Microsoft Visual Studio Solution File, Format Version 12.00
# Visual Studio Version 16
VisualStudioVersion = 16.0.33529.622
MinimumVisualStudioVersion = 10.0.40219.1
Project("{FAE04EC0-301F-11D3-BF4B-00C04F79EFBC}") = "entity framwork program", "entity framwork program\entity framwork program.csproj", "{260FD66A-9136-46E4-97DB-CEDFBC63944B}"
EndProject
Global
	GlobalSection(SolutionConfigurationPlatforms) = preSolution
		Debug|Any CPU = Debug|Any CPU
		Release|Any CPU = Release|Any CPU
	EndGlobalSection
	GlobalSection(ProjectConfigurationPlatforms) = postSolution
		{260FD66A-9136-46E4-97DB-CEDFBC63944B}.Debug|Any CPU.ActiveCfg = Debug|Any CPU
		{260FD66A-9136-46E4-97DB-CEDFBC63944B}.Debug|Any CPU.Build.0 = Debug|Any CPU
		{260FD66A-9136-46E4-97DB-CEDFBC63944B}.Release|Any CPU.ActiveCfg = Release|Any CPU
		{260FD66A-9136-46E4-97DB-CEDFBC63944B}.Release|Any CPU.Build.0 = Release|Any CPU
	EndGlobalSection
	GlobalSection(SolutionProperties) = preSolution
		HideSolutionNode = FALSE
	EndGlobalSection
	GlobalSection(ExtensibilityGlobals) = postSolution
		SolutionGuid = {95E93DA4-7E74-4915-89DA-407B00566796}
	EndGlobalSection
EndGlobal
